<?xml version="1.0" encoding="utf-8"?>
<Project ToolsVersion="4.0" xmlns="http://schemas.microsoft.com/developer/msbuild/2003">
  <ItemGroup>
    <Filter Include="Source Files">
      <UniqueIdentifier>{4FC737F1-C7A5-4376-A066-2A32D752A2FF}</UniqueIdentifier>
      <Extensions>cpp;c;cc;cxx;def;odl;idl;hpj;bat;asm;asmx</Extensions>
    </Filter>
    <Filter Include="Header Files">
      <UniqueIdentifier>{93995380-89BD-4b04-88EB-625FBE52EBFB}</UniqueIdentifier>
      <Extensions>h;hh;hpp;hxx;hm;inl;inc;xsd</Extensions>
    </Filter>
    <Filter Include="Resource Files">
      <UniqueIdentifier>{67DA6AB6-F800-4c08-8B7A-83BB121AAD01}</UniqueIdentifier>
      <Extensions>rc;ico;cur;bmp;dlg;rc2;rct;bin;rgs;gif;jpg;jpeg;jpe;resx;tiff;tif;png;wav;mfcribbon-ms</Extensions>
    </Filter>
    <Filter Include="Source Files\Math">
      <UniqueIdentifier>{23054974-dbb9-4829-8255-74f81a70291a}</UniqueIdentifier>
    </Filter>
    <Filter Include="Source Files\Diagnostics">
      <UniqueIdentifier>{1e1d910f-e17f-4674-bced-f86f3891cfcb}</UniqueIdentifier>
    </Filter>
    <Filter Include="Source Files\Strings">
      <UniqueIdentifier>{741c294d-46a0-40a6-84f0-86e1df1d66e0}</UniqueIdentifier>
    </Filter>
    <Filter Include="Source Files\Memory">
      <UniqueIdentifier>{ee2220d2-6f5a-4fd8-842e-de03b8d3a422}</UniqueIdentifier>
    </Filter>
    <Filter Include="Header Files\Inline Source">
      <UniqueIdentifier>{a0e1ba4a-cc44-44b3-9aca-7b947cc5c4dc}</UniqueIdentifier>
    </Filter>
    <Filter Include="Source Files\Actor">
      <UniqueIdentifier>{c82036c8-17e4-40da-a82b-c48b815d3d09}</UniqueIdentifier>
    </Filter>
    <Filter Include="Header Files\Interface">
      <UniqueIdentifier>{1bd1ad14-9ba1-468c-bc2d-fac6bde34654}</UniqueIdentifier>
    </Filter>
    <Filter Include="Header Files\Commons">
      <UniqueIdentifier>{33f87aad-a935-47ff-bcac-a1f97fe028f4}</UniqueIdentifier>
    </Filter>
    <Filter Include="Source Files\Unit Tests">
      <UniqueIdentifier>{2be37ae2-29e0-4764-a354-b78073911bb9}</UniqueIdentifier>
    </Filter>
    <Filter Include="Source Files\Renderer">
      <UniqueIdentifier>{b03f7ae5-c6a6-4464-8c6c-6075404af120}</UniqueIdentifier>
    </Filter>
    <Filter Include="Source Files\AI">
      <UniqueIdentifier>{426a6670-605a-400f-82cf-59164cbd7c32}</UniqueIdentifier>
    </Filter>
    <Filter Include="Source Files\Collision/Physics">
      <UniqueIdentifier>{98f1809b-0454-4cab-be07-9b146295cab9}</UniqueIdentifier>
    </Filter>
    <Filter Include="Source Files\Core">
      <UniqueIdentifier>{e29c3513-daf4-407f-9cfd-46190394a8d2}</UniqueIdentifier>
    </Filter>
    <Filter Include="Source Files\Time">
      <UniqueIdentifier>{d3bd8ff6-d9f3-43eb-920c-a57a263cd146}</UniqueIdentifier>
    </Filter>
    <Filter Include="Source Files\Input">
      <UniqueIdentifier>{0433344e-4c4c-4358-80c8-6b328a3dfc50}</UniqueIdentifier>
    </Filter>
  </ItemGroup>
  <ItemGroup>
    <Text Include="ReadMe.txt" />
  </ItemGroup>
  <ItemGroup>
    <ClInclude Include="Vector2D.h">
      <Filter>Header Files</Filter>
    </ClInclude>
    <ClInclude Include="Diagnostics.h">
      <Filter>Header Files</Filter>
    </ClInclude>
    <ClInclude Include="Zstring.h">
      <Filter>Header Files</Filter>
    </ClInclude>
    <ClInclude Include="HeapAllocator.h">
      <Filter>Header Files</Filter>
    </ClInclude>
    <ClInclude Include="EngineTypes.h">
      <Filter>Header Files</Filter>
    </ClInclude>
    <ClInclude Include="Vector2D-inl.h">
      <Filter>Header Files\Inline Source</Filter>
    </ClInclude>
    <ClInclude Include="HeapAllocator-inl.h">
      <Filter>Header Files\Inline Source</Filter>
    </ClInclude>
    <ClInclude Include="Diagnostics.win32-inl.h">
      <Filter>Header Files\Inline Source</Filter>
    </ClInclude>
    <ClInclude Include="GameObject.h">
      <Filter>Header Files</Filter>
    </ClInclude>
    <ClInclude Include="IGameObjectController.h">
      <Filter>Header Files\Interface</Filter>
    </ClInclude>
    <ClInclude Include="Constants.h">
      <Filter>Header Files\Commons</Filter>
    </ClInclude>
    <ClInclude Include="Utilities.h">
      <Filter>Header Files</Filter>
    </ClInclude>
    <ClInclude Include="Utilities-inl.h">
      <Filter>Header Files\Inline Source</Filter>
    </ClInclude>
    <ClInclude Include="LinkedListTest.h">
      <Filter>Header Files</Filter>
    </ClInclude>
    <ClInclude Include="BitArray.h">
      <Filter>Header Files</Filter>
    </ClInclude>
    <ClInclude Include="FixedSizeAllocator.h">
      <Filter>Header Files</Filter>
    </ClInclude>
    <ClInclude Include="BitArray_UnitTest.h">
      <Filter>Header Files</Filter>
    </ClInclude>
    <ClInclude Include="Engine.h">
      <Filter>Header Files</Filter>
    </ClInclude>
    <ClInclude Include="Timing.h">
      <Filter>Header Files</Filter>
    </ClInclude>
    <ClInclude Include="Physics.h">
      <Filter>Header Files</Filter>
    </ClInclude>
    <ClInclude Include="AI.h">
      <Filter>Header Files</Filter>
    </ClInclude>
    <ClInclude Include="Input.h">
      <Filter>Header Files</Filter>
    </ClInclude>
    <ClInclude Include="Renderer.h">
      <Filter>Header Files</Filter>
    </ClInclude>
    <ClInclude Include="WeakPointer.h">
      <Filter>Header Files</Filter>
    </ClInclude>
    <ClInclude Include="StrongPointer.h">
      <Filter>Header Files</Filter>
    </ClInclude>
    <ClInclude Include="WeakPointer-inl.h">
      <Filter>Header Files</Filter>
    </ClInclude>
    <ClInclude Include="StrongPointer-inl.h">
      <Filter>Header Files</Filter>
    </ClInclude>
    <ClInclude Include="StringPool.h">
      <Filter>Header Files</Filter>
    </ClInclude>
    <ClInclude Include="StringPool_UnitTest.h">
      <Filter>Header Files</Filter>
    </ClInclude>
    <ClInclude Include="PooledString.h">
      <Filter>Header Files</Filter>
    </ClInclude>
    <ClInclude Include="HashedString.h">
      <Filter>Header Files</Filter>
    </ClInclude>
    <ClInclude Include="MasterObjects.h">
      <Filter>Header Files</Filter>
    </ClInclude>
  </ItemGroup>
  <ItemGroup>
    <ClCompile Include="Vector2D.cpp">
      <Filter>Source Files\Math</Filter>
    </ClCompile>
    <ClCompile Include="Diagnostics.win32.cpp">
      <Filter>Source Files\Diagnostics</Filter>
    </ClCompile>
    <ClCompile Include="Zstring.cpp">
      <Filter>Source Files\Strings</Filter>
    </ClCompile>
    <ClCompile Include="HeapAllocator.cpp">
      <Filter>Source Files\Memory</Filter>
    </ClCompile>
    <ClCompile Include="GameObject.cpp">
      <Filter>Source Files\Actor</Filter>
    </ClCompile>
    <ClCompile Include="Utilities.cpp">
      <Filter>Source Files</Filter>
    </ClCompile>
    <ClCompile Include="FixedSizeAllocator.cpp">
      <Filter>Source Files\Memory</Filter>
    </ClCompile>
    <ClCompile Include="LinkedListTest.cpp">
      <Filter>Source Files\Unit Tests</Filter>
    </ClCompile>
    <ClCompile Include="BitArray_UnitTest.cpp">
      <Filter>Source Files\Unit Tests</Filter>
    </ClCompile>
    <ClCompile Include="Engine.cpp">
      <Filter>Source Files\Core</Filter>
    </ClCompile>
    <ClCompile Include="BitArray.cpp">
      <Filter>Source Files\Memory</Filter>
    </ClCompile>
    <ClCompile Include="Timing.cpp">
      <Filter>Source Files\Time</Filter>
    </ClCompile>
    <ClCompile Include="Physics.cpp">
      <Filter>Source Files\Collision/Physics</Filter>
    </ClCompile>
    <ClCompile Include="AI.cpp">
      <Filter>Source Files\AI</Filter>
    </ClCompile>
    <ClCompile Include="Input.cpp">
      <Filter>Source Files\Input</Filter>
    </ClCompile>
    <ClCompile Include="Renderer.cpp">
      <Filter>Source Files\Renderer</Filter>
    </ClCompile>
    <ClCompile Include="PooledString.cpp">
      <Filter>Source Files\Strings</Filter>
    </ClCompile>
    <ClCompile Include="StringPool.cpp">
      <Filter>Source Files\Strings</Filter>
    </ClCompile>
    <ClCompile Include="StringPool_UnitTest.cpp">
      <Filter>Source Files\Unit Tests</Filter>
    </ClCompile>
    <ClCompile Include="HashedString.cpp">
      <Filter>Source Files\Strings</Filter>
    </ClCompile>
    <ClCompile Include="MasterObjects.cpp">
      <Filter>Source Files</Filter>
    </ClCompile>
  </ItemGroup>
</Project>